
Microsoft Visual Studio Solution File, Format Version 12.00
# Visual Studio Version 17
VisualStudioVersion = 17.11.35303.130
MinimumVisualStudioVersion = 10.0.40219.1
Project("{FAE04EC0-301F-11D3-BF4B-00C04F79EFBC}") = "PersonalBudgetTrackingSystem", "PersonalBudgetTrackingSystem\PersonalBudgetTrackingSystem.csproj", "{2AEBBB1E-3812-4F00-A0FB-E434585CD61E}"
EndProject
Global
	GlobalSection(SolutionConfigurationPlatforms) = preSolution
		Debug|Any CPU = Debug|Any CPU
		Release|Any CPU = Release|Any CPU
	EndGlobalSection
	GlobalSection(ProjectConfigurationPlatforms) = postSolution
		{2AEBBB1E-3812-4F00-A0FB-E434585CD61E}.Debug|Any CPU.ActiveCfg = Debug|Any CPU
		{2AEBBB1E-3812-4F00-A0FB-E434585CD61E}.Debug|Any CPU.Build.0 = Debug|Any CPU
		{2AEBBB1E-3812-4F00-A0FB-E434585CD61E}.Release|Any CPU.ActiveCfg = Release|Any CPU
		{2AEBBB1E-3812-4F00-A0FB-E434585CD61E}.Release|Any CPU.Build.0 = Release|Any CPU
	EndGlobalSection
	GlobalSection(SolutionProperties) = preSolution
		HideSolutionNode = FALSE
	EndGlobalSection
	GlobalSection(ExtensibilityGlobals) = postSolution
		SolutionGuid = {632CBF48-964A-43BB-AF1F-1FEBAECA3055}
	EndGlobalSection
EndGlobal
